
Microsoft Visual Studio Solution File, Format Version 12.00
# Visual Studio Version 16
VisualStudioVersion = 16.0.31702.278
MinimumVisualStudioVersion = 10.0.40219.1
Project("{9A19103F-16F7-4668-BE54-9A1E7A4F7556}") = "TPLDataFlow", "TPLDataFlow.csproj", "{759A0303-7AF3-497C-843B-A3319DF11030}"
EndProject
Global
	GlobalSection(SolutionConfigurationPlatforms) = preSolution
		Debug|Any CPU = Debug|Any CPU
		Release|Any CPU = Release|Any CPU
	EndGlobalSection
	GlobalSection(ProjectConfigurationPlatforms) = postSolution
		{759A0303-7AF3-497C-843B-A3319DF11030}.Debug|Any CPU.ActiveCfg = Debug|Any CPU
		{759A0303-7AF3-497C-843B-A3319DF11030}.Debug|Any CPU.Build.0 = Debug|Any CPU
		{759A0303-7AF3-497C-843B-A3319DF11030}.Release|Any CPU.ActiveCfg = Release|Any CPU
		{759A0303-7AF3-497C-843B-A3319DF11030}.Release|Any CPU.Build.0 = Release|Any CPU
	EndGlobalSection
	GlobalSection(SolutionProperties) = preSolution
		HideSolutionNode = FALSE
	EndGlobalSection
	GlobalSection(ExtensibilityGlobals) = postSolution
		SolutionGuid = {CF1C089A-19CD-44FA-A3FF-52589AEAD9C2}
	EndGlobalSection
EndGlobal
